
Microsoft Visual Studio Solution File, Format Version 12.00
# Visual Studio Version 17
VisualStudioVersion = 17.12.35527.113
MinimumVisualStudioVersion = 10.0.40219.1
Project("{2150E333-8FDC-42A3-9474-1A3956D46DE8}") = "Core", "Core", "{5D4BC6EA-8606-4970-9F9D-5EAC77DF1FAB}"
EndProject
Project("{2150E333-8FDC-42A3-9474-1A3956D46DE8}") = "Gateway", "Gateway", "{1DF59B79-067D-4FEC-B132-5CF7EBA5355A}"
EndProject
Project("{2150E333-8FDC-42A3-9474-1A3956D46DE8}") = "Runtime", "Runtime", "{EC58A86B-D7C5-4B06-865C-4B252DD8B7BB}"
EndProject
Project("{2150E333-8FDC-42A3-9474-1A3956D46DE8}") = "Microservices", "Microservices", "{5E1259E1-1F39-4F96-9068-FACEFE156222}"
EndProject
Project("{2150E333-8FDC-42A3-9474-1A3956D46DE8}") = "Auth", "Auth", "{D3A84894-0E87-4515-AC1A-E96425206950}"
EndProject
Project("{2150E333-8FDC-42A3-9474-1A3956D46DE8}") = "Sales", "Sales", "{C6BADA68-0467-4396-9FC7-DEA2DD2D996A}"
EndProject
Project("{2150E333-8FDC-42A3-9474-1A3956D46DE8}") = "Alerts", "Alerts", "{1F7EDC80-8EB2-4452-87EE-C38B55CB6A88}"
EndProject
Project("{FAE04EC0-301F-11D3-BF4B-00C04F79EFBC}") = "SalesMicroService.Api", "SalesMicroService.Api\SalesMicroService.Api.csproj", "{A0EC75F4-4F5F-4C6D-B88F-4C705E5ABE3E}"
EndProject
Project("{FAE04EC0-301F-11D3-BF4B-00C04F79EFBC}") = "SalesMicroservice.Application", "SalesMicroservice.Application\SalesMicroservice.Application.csproj", "{C4A6F80D-30D1-43FE-955B-44C7DD98DF03}"
EndProject
Project("{FAE04EC0-301F-11D3-BF4B-00C04F79EFBC}") = "SalesMicroservice.Domain", "SalesMicroservice.Domain\SalesMicroservice.Domain.csproj", "{2E1F3597-D9C2-4AEF-9CC8-B9EBC4EB733F}"
EndProject
Project("{FAE04EC0-301F-11D3-BF4B-00C04F79EFBC}") = "SalesMicroservice.Infastracture", "SalesMicroservice.Infastracture\SalesMicroservice.Infastracture.csproj", "{7312CBFE-B3AF-433C-A22C-F10CBD6DF1F2}"
EndProject
Project("{FAE04EC0-301F-11D3-BF4B-00C04F79EFBC}") = "AuthMicroservice.Domain", "AuthMicroservice.Domain\AuthMicroservice.Domain.csproj", "{AEEF7095-F2B9-4E25-A11F-CA5FF325E091}"
EndProject
Project("{FAE04EC0-301F-11D3-BF4B-00C04F79EFBC}") = "AuthMicroservice.Application", "AuthMicroservice.Application\AuthMicroservice.Application.csproj", "{3163F64D-9DD2-4284-9A6C-F7CCCEA7A557}"
EndProject
Project("{FAE04EC0-301F-11D3-BF4B-00C04F79EFBC}") = "AuthMicroservice.Infrastructure", "AuthMicroservice.Infrastructure\AuthMicroservice.Infrastructure.csproj", "{3FB6F470-2C33-4DD2-83F4-85FFF027EFDD}"
EndProject
Project("{FAE04EC0-301F-11D3-BF4B-00C04F79EFBC}") = "AuthService.Api", "AuthService.Api\AuthService.Api.csproj", "{920682F1-CC51-446E-9CB9-361E9FFC4B3F}"
EndProject
Global
	GlobalSection(SolutionConfigurationPlatforms) = preSolution
		Debug|Any CPU = Debug|Any CPU
		Release|Any CPU = Release|Any CPU
	EndGlobalSection
	GlobalSection(ProjectConfigurationPlatforms) = postSolution
		{A0EC75F4-4F5F-4C6D-B88F-4C705E5ABE3E}.Debug|Any CPU.ActiveCfg = Debug|Any CPU
		{A0EC75F4-4F5F-4C6D-B88F-4C705E5ABE3E}.Debug|Any CPU.Build.0 = Debug|Any CPU
		{A0EC75F4-4F5F-4C6D-B88F-4C705E5ABE3E}.Release|Any CPU.ActiveCfg = Release|Any CPU
		{A0EC75F4-4F5F-4C6D-B88F-4C705E5ABE3E}.Release|Any CPU.Build.0 = Release|Any CPU
		{C4A6F80D-30D1-43FE-955B-44C7DD98DF03}.Debug|Any CPU.ActiveCfg = Debug|Any CPU
		{C4A6F80D-30D1-43FE-955B-44C7DD98DF03}.Debug|Any CPU.Build.0 = Debug|Any CPU
		{C4A6F80D-30D1-43FE-955B-44C7DD98DF03}.Release|Any CPU.ActiveCfg = Release|Any CPU
		{C4A6F80D-30D1-43FE-955B-44C7DD98DF03}.Release|Any CPU.Build.0 = Release|Any CPU
		{2E1F3597-D9C2-4AEF-9CC8-B9EBC4EB733F}.Debug|Any CPU.ActiveCfg = Debug|Any CPU
		{2E1F3597-D9C2-4AEF-9CC8-B9EBC4EB733F}.Debug|Any CPU.Build.0 = Debug|Any CPU
		{2E1F3597-D9C2-4AEF-9CC8-B9EBC4EB733F}.Release|Any CPU.ActiveCfg = Release|Any CPU
		{2E1F3597-D9C2-4AEF-9CC8-B9EBC4EB733F}.Release|Any CPU.Build.0 = Release|Any CPU
		{7312CBFE-B3AF-433C-A22C-F10CBD6DF1F2}.Debug|Any CPU.ActiveCfg = Debug|Any CPU
		{7312CBFE-B3AF-433C-A22C-F10CBD6DF1F2}.Debug|Any CPU.Build.0 = Debug|Any CPU
		{7312CBFE-B3AF-433C-A22C-F10CBD6DF1F2}.Release|Any CPU.ActiveCfg = Release|Any CPU
		{7312CBFE-B3AF-433C-A22C-F10CBD6DF1F2}.Release|Any CPU.Build.0 = Release|Any CPU
		{AEEF7095-F2B9-4E25-A11F-CA5FF325E091}.Debug|Any CPU.ActiveCfg = Debug|Any CPU
		{AEEF7095-F2B9-4E25-A11F-CA5FF325E091}.Debug|Any CPU.Build.0 = Debug|Any CPU
		{AEEF7095-F2B9-4E25-A11F-CA5FF325E091}.Release|Any CPU.ActiveCfg = Release|Any CPU
		{AEEF7095-F2B9-4E25-A11F-CA5FF325E091}.Release|Any CPU.Build.0 = Release|Any CPU
		{3163F64D-9DD2-4284-9A6C-F7CCCEA7A557}.Debug|Any CPU.ActiveCfg = Debug|Any CPU
		{3163F64D-9DD2-4284-9A6C-F7CCCEA7A557}.Debug|Any CPU.Build.0 = Debug|Any CPU
		{3163F64D-9DD2-4284-9A6C-F7CCCEA7A557}.Release|Any CPU.ActiveCfg = Release|Any CPU
		{3163F64D-9DD2-4284-9A6C-F7CCCEA7A557}.Release|Any CPU.Build.0 = Release|Any CPU
		{3FB6F470-2C33-4DD2-83F4-85FFF027EFDD}.Debug|Any CPU.ActiveCfg = Debug|Any CPU
		{3FB6F470-2C33-4DD2-83F4-85FFF027EFDD}.Debug|Any CPU.Build.0 = Debug|Any CPU
		{3FB6F470-2C33-4DD2-83F4-85FFF027EFDD}.Release|Any CPU.ActiveCfg = Release|Any CPU
		{3FB6F470-2C33-4DD2-83F4-85FFF027EFDD}.Release|Any CPU.Build.0 = Release|Any CPU
		{920682F1-CC51-446E-9CB9-361E9FFC4B3F}.Debug|Any CPU.ActiveCfg = Debug|Any CPU
		{920682F1-CC51-446E-9CB9-361E9FFC4B3F}.Debug|Any CPU.Build.0 = Debug|Any CPU
		{920682F1-CC51-446E-9CB9-361E9FFC4B3F}.Release|Any CPU.ActiveCfg = Release|Any CPU
		{920682F1-CC51-446E-9CB9-361E9FFC4B3F}.Release|Any CPU.Build.0 = Release|Any CPU
	EndGlobalSection
	GlobalSection(SolutionProperties) = preSolution
		HideSolutionNode = FALSE
	EndGlobalSection
	GlobalSection(NestedProjects) = preSolution
		{D3A84894-0E87-4515-AC1A-E96425206950} = {5E1259E1-1F39-4F96-9068-FACEFE156222}
		{C6BADA68-0467-4396-9FC7-DEA2DD2D996A} = {5E1259E1-1F39-4F96-9068-FACEFE156222}
		{1F7EDC80-8EB2-4452-87EE-C38B55CB6A88} = {5E1259E1-1F39-4F96-9068-FACEFE156222}
		{A0EC75F4-4F5F-4C6D-B88F-4C705E5ABE3E} = {C6BADA68-0467-4396-9FC7-DEA2DD2D996A}
		{C4A6F80D-30D1-43FE-955B-44C7DD98DF03} = {C6BADA68-0467-4396-9FC7-DEA2DD2D996A}
		{2E1F3597-D9C2-4AEF-9CC8-B9EBC4EB733F} = {C6BADA68-0467-4396-9FC7-DEA2DD2D996A}
		{7312CBFE-B3AF-433C-A22C-F10CBD6DF1F2} = {C6BADA68-0467-4396-9FC7-DEA2DD2D996A}
		{AEEF7095-F2B9-4E25-A11F-CA5FF325E091} = {D3A84894-0E87-4515-AC1A-E96425206950}
		{3163F64D-9DD2-4284-9A6C-F7CCCEA7A557} = {D3A84894-0E87-4515-AC1A-E96425206950}
		{3FB6F470-2C33-4DD2-83F4-85FFF027EFDD} = {D3A84894-0E87-4515-AC1A-E96425206950}
		{920682F1-CC51-446E-9CB9-361E9FFC4B3F} = {D3A84894-0E87-4515-AC1A-E96425206950}
	EndGlobalSection
EndGlobal
